
Microsoft Visual Studio Solution File, Format Version 12.00
# Visual Studio Version 17
VisualStudioVersion = 17.3.32922.545
MinimumVisualStudioVersion = 10.0.40219.1
Project("{FAE04EC0-301F-11D3-BF4B-00C04F79EFBC}") = "Bakery", "Bakery.csproj", "{A110786B-1E6E-4118-A679-07A525935A33}"
EndProject
Global
	GlobalSection(SolutionConfigurationPlatforms) = preSolution
		Debug|Any CPU = Debug|Any CPU
		Release|Any CPU = Release|Any CPU
	EndGlobalSection
	GlobalSection(ProjectConfigurationPlatforms) = postSolution
		{A110786B-1E6E-4118-A679-07A525935A33}.Debug|Any CPU.ActiveCfg = Debug|Any CPU
		{A110786B-1E6E-4118-A679-07A525935A33}.Debug|Any CPU.Build.0 = Debug|Any CPU
		{A110786B-1E6E-4118-A679-07A525935A33}.Release|Any CPU.ActiveCfg = Release|Any CPU
		{A110786B-1E6E-4118-A679-07A525935A33}.Release|Any CPU.Build.0 = Release|Any CPU
	EndGlobalSection
	GlobalSection(SolutionProperties) = preSolution
		HideSolutionNode = FALSE
	EndGlobalSection
	GlobalSection(ExtensibilityGlobals) = postSolution
		SolutionGuid = {F85044B5-5BEF-4624-9DD6-72D48DAB5530}
	EndGlobalSection
EndGlobal
